<?xml version="1.0" encoding="utf-8"?>
<Project ToolsVersion="4.0" xmlns="http://schemas.microsoft.com/developer/msbuild/2003">
  <ItemGroup>
    <Filter Include="Файлы заголовков">
      <UniqueIdentifier>{93995380-89BD-4b04-88EB-625FBE52EBFB}</UniqueIdentifier>
      <Extensions>h;hh;hpp;hxx;h++;hm;inl;inc;ipp;xsd</Extensions>
    </Filter>
    <Filter Include="Файлы ресурсов">
      <UniqueIdentifier>{67DA6AB6-F800-4c08-8B7A-83BB121AAD01}</UniqueIdentifier>
      <Extensions>rc;ico;cur;bmp;dlg;rc2;rct;bin;rgs;gif;jpg;jpeg;jpe;resx;tiff;tif;png;wav;mfcribbon-ms</Extensions>
    </Filter>
    <Filter Include="Core">
      <UniqueIdentifier>{4FC737F1-C7A5-4376-A066-2A32D752A2FF}</UniqueIdentifier>
      <Extensions>cpp;c;cc;cxx;c++;cppm;ixx;def;odl;idl;hpj;bat;asm;asmx</Extensions>
    </Filter>
    <Filter Include="Core\hooks">
      <UniqueIdentifier>{f5cb9b0e-9ddc-4352-98a2-296af70de166}</UniqueIdentifier>
    </Filter>
    <Filter Include="Core\patches">
      <UniqueIdentifier>{d2c259c1-72be-4002-a746-47aca787385f}</UniqueIdentifier>
    </Filter>
    <Filter Include="Core\utils">
      <UniqueIdentifier>{7eda2c4c-5425-4ab1-a4b6-e2835612cf09}</UniqueIdentifier>
    </Filter>
    <Filter Include="Файлы заголовков\sampapi">
      <UniqueIdentifier>{f7c15c39-0094-4cc6-b0bd-56a2093c65df}</UniqueIdentifier>
    </Filter>
    <Filter Include="Файлы заголовков\minhook">
      <UniqueIdentifier>{91723f49-af6d-4dca-be19-c776b89201fa}</UniqueIdentifier>
    </Filter>
    <Filter Include="Файлы заголовков\sampapi\0.3.7-R1">
      <UniqueIdentifier>{cb3d5762-a511-486e-883b-0f9ef32deb37}</UniqueIdentifier>
    </Filter>
    <Filter Include="Файлы заголовков\sampapi\0.3.7-R3-1">
      <UniqueIdentifier>{380a4fd6-537a-4a80-b7a7-b7cd04c8a34b}</UniqueIdentifier>
    </Filter>
    <Filter Include="Файлы заголовков\sampapi\0.3.7-R5-1">
      <UniqueIdentifier>{5fab086d-f8a6-4ea8-86f4-eb4d7c50e966}</UniqueIdentifier>
    </Filter>
    <Filter Include="Файлы заголовков\sampapi\0.3DL">
      <UniqueIdentifier>{0db8e2f2-e599-4c6e-a3d0-8811dffc9303}</UniqueIdentifier>
    </Filter>
    <Filter Include="Файлы заголовков\rakhook">
      <UniqueIdentifier>{395189d4-1921-46c3-ab4e-355f45c19b85}</UniqueIdentifier>
    </Filter>
    <Filter Include="Файлы заголовков\rakhook\include">
      <UniqueIdentifier>{015f65f2-b17c-402f-a3a9-6f75289bd50c}</UniqueIdentifier>
    </Filter>
    <Filter Include="Файлы заголовков\rakhook\include\RakHook">
      <UniqueIdentifier>{8735c135-e32a-4ebd-b52b-fbc4f1690dbe}</UniqueIdentifier>
    </Filter>
    <Filter Include="Файлы заголовков\rakhook\include\RakNet">
      <UniqueIdentifier>{e151a97e-6bae-4bb9-84a7-5a548111616e}</UniqueIdentifier>
    </Filter>
    <Filter Include="Файлы заголовков\gta">
      <UniqueIdentifier>{05675d9b-4d34-47e2-a7f1-2a7856d2d833}</UniqueIdentifier>
    </Filter>
    <Filter Include="Файлы заголовков\samp">
      <UniqueIdentifier>{62a5b319-6b57-4311-bd23-fe85ba489741}</UniqueIdentifier>
    </Filter>
    <Filter Include="Файлы заголовков\sdk">
      <UniqueIdentifier>{8526de47-a71c-4780-b9d7-4612f322498a}</UniqueIdentifier>
    </Filter>
    <Filter Include="Core\rakhook">
      <UniqueIdentifier>{be502457-e215-4a6e-98bd-ceb73975ef6a}</UniqueIdentifier>
    </Filter>
    <Filter Include="Core\rakhook\src">
      <UniqueIdentifier>{17b795b8-0da7-44da-9cbb-2d8aebc22086}</UniqueIdentifier>
    </Filter>
    <Filter Include="Core\rakhook\src\RakHook">
      <UniqueIdentifier>{38512215-3202-4382-bcf3-787db094ecaa}</UniqueIdentifier>
    </Filter>
    <Filter Include="Core\rakhook\src\RakNet">
      <UniqueIdentifier>{7fae5bf0-a288-447b-a55c-a44d46250e24}</UniqueIdentifier>
    </Filter>
    <Filter Include="Файлы заголовков\patches">
      <UniqueIdentifier>{43a24db5-5ac4-427f-9770-a238290d17e2}</UniqueIdentifier>
    </Filter>
    <Filter Include="Файлы заголовков\utils">
      <UniqueIdentifier>{ccdff421-2942-4823-8586-b5b826474154}</UniqueIdentifier>
    </Filter>
    <Filter Include="Core\imgui">
      <UniqueIdentifier>{ab6306d2-272f-4bcc-b084-307f87647088}</UniqueIdentifier>
    </Filter>
    <Filter Include="Файлы заголовков\imgui">
      <UniqueIdentifier>{543d3d7a-bfcb-4a59-a67b-d7df801ce8a4}</UniqueIdentifier>
    </Filter>
    <Filter Include="Core\imgui\backends">
      <UniqueIdentifier>{59537583-550c-4d33-a1fa-1d4635366e47}</UniqueIdentifier>
    </Filter>
    <Filter Include="Файлы заголовков\imgui\backends">
      <UniqueIdentifier>{d33409e9-0c6c-4a16-b445-e06825ca0f18}</UniqueIdentifier>
    </Filter>
    <Filter Include="Файлы заголовков\hooks">
      <UniqueIdentifier>{9596853d-39a0-4297-9d3e-da99620b14eb}</UniqueIdentifier>
    </Filter>
  </ItemGroup>
  <ItemGroup>
    <ClInclude Include="..\libs\minhook\include\MinHook.h">
      <Filter>Файлы заголовков\minhook</Filter>
    </ClInclude>
    <ClInclude Include="..\libs\sampapi\include\0.3.7-R1\AimStuff.h">
      <Filter>Файлы заголовков\sampapi\0.3.7-R1</Filter>
    </ClInclude>
    <ClInclude Include="..\libs\sampapi\include\0.3.7-R1\Animation.h">
      <Filter>Файлы заголовков\sampapi\0.3.7-R1</Filter>
    </ClInclude>
    <ClInclude Include="..\libs\sampapi\include\0.3.7-R1\CActor.h">
      <Filter>Файлы заголовков\sampapi\0.3.7-R1</Filter>
    </ClInclude>
    <ClInclude Include="..\libs\sampapi\include\0.3.7-R1\CActorPool.h">
      <Filter>Файлы заголовков\sampapi\0.3.7-R1</Filter>
    </ClInclude>
    <ClInclude Include="..\libs\sampapi\include\0.3.7-R1\CAudio.h">
      <Filter>Файлы заголовков\sampapi\0.3.7-R1</Filter>
    </ClInclude>
    <ClInclude Include="..\libs\sampapi\include\0.3.7-R1\CAudioStream.h">
      <Filter>Файлы заголовков\sampapi\0.3.7-R1</Filter>
    </ClInclude>
    <ClInclude Include="..\libs\sampapi\include\0.3.7-R1\CCamera.h">
      <Filter>Файлы заголовков\sampapi\0.3.7-R1</Filter>
    </ClInclude>
    <ClInclude Include="..\libs\sampapi\include\0.3.7-R1\CChat.h">
      <Filter>Файлы заголовков\sampapi\0.3.7-R1</Filter>
    </ClInclude>
    <ClInclude Include="..\libs\sampapi\include\0.3.7-R1\CChatBubble.h">
      <Filter>Файлы заголовков\sampapi\0.3.7-R1</Filter>
    </ClInclude>
    <ClInclude Include="..\libs\sampapi\include\0.3.7-R1\CConfig.h">
      <Filter>Файлы заголовков\sampapi\0.3.7-R1</Filter>
    </ClInclude>
    <ClInclude Include="..\libs\sampapi\include\0.3.7-R1\CDeathWindow.h">
      <Filter>Файлы заголовков\sampapi\0.3.7-R1</Filter>
    </ClInclude>
    <ClInclude Include="..\libs\sampapi\include\0.3.7-R1\CDialog.h">
      <Filter>Файлы заголовков\sampapi\0.3.7-R1</Filter>
    </ClInclude>
    <ClInclude Include="..\libs\sampapi\include\0.3.7-R1\CEntity.h">
      <Filter>Файлы заголовков\sampapi\0.3.7-R1</Filter>
    </ClInclude>
    <ClInclude Include="..\libs\sampapi\include\0.3.7-R1\CFonts.h">
      <Filter>Файлы заголовков\sampapi\0.3.7-R1</Filter>
    </ClInclude>
    <ClInclude Include="..\libs\sampapi\include\0.3.7-R1\CGame.h">
      <Filter>Файлы заголовков\sampapi\0.3.7-R1</Filter>
    </ClInclude>
    <ClInclude Include="..\libs\sampapi\include\0.3.7-R1\CGangZonePool.h">
      <Filter>Файлы заголовков\sampapi\0.3.7-R1</Filter>
    </ClInclude>
    <ClInclude Include="..\libs\sampapi\include\0.3.7-R1\CHelpDialog.h">
      <Filter>Файлы заголовков\sampapi\0.3.7-R1</Filter>
    </ClInclude>
    <ClInclude Include="..\libs\sampapi\include\0.3.7-R1\CHttpClient.h">
      <Filter>Файлы заголовков\sampapi\0.3.7-R1</Filter>
    </ClInclude>
    <ClInclude Include="..\libs\sampapi\include\0.3.7-R1\CInput.h">
      <Filter>Файлы заголовков\sampapi\0.3.7-R1</Filter>
    </ClInclude>
    <ClInclude Include="..\libs\sampapi\include\0.3.7-R1\CLabel.h">
      <Filter>Файлы заголовков\sampapi\0.3.7-R1</Filter>
    </ClInclude>
    <ClInclude Include="..\libs\sampapi\include\0.3.7-R1\CLabelPool.h">
      <Filter>Файлы заголовков\sampapi\0.3.7-R1</Filter>
    </ClInclude>
    <ClInclude Include="..\libs\sampapi\include\0.3.7-R1\CLicensePlate.h">
      <Filter>Файлы заголовков\sampapi\0.3.7-R1</Filter>
    </ClInclude>
    <ClInclude Include="..\libs\sampapi\include\0.3.7-R1\CLocalPlayer.h">
      <Filter>Файлы заголовков\sampapi\0.3.7-R1</Filter>
    </ClInclude>
    <ClInclude Include="..\libs\sampapi\include\0.3.7-R1\CMenu.h">
      <Filter>Файлы заголовков\sampapi\0.3.7-R1</Filter>
    </ClInclude>
    <ClInclude Include="..\libs\sampapi\include\0.3.7-R1\CMenuPool.h">
      <Filter>Файлы заголовков\sampapi\0.3.7-R1</Filter>
    </ClInclude>
    <ClInclude Include="..\libs\sampapi\include\0.3.7-R1\CNetGame.h">
      <Filter>Файлы заголовков\sampapi\0.3.7-R1</Filter>
    </ClInclude>
    <ClInclude Include="..\libs\sampapi\include\0.3.7-R1\CNetStats.h">
      <Filter>Файлы заголовков\sampapi\0.3.7-R1</Filter>
    </ClInclude>
    <ClInclude Include="..\libs\sampapi\include\0.3.7-R1\CObject.h">
      <Filter>Файлы заголовков\sampapi\0.3.7-R1</Filter>
    </ClInclude>
    <ClInclude Include="..\libs\sampapi\include\0.3.7-R1\CObjectEdit.h">
      <Filter>Файлы заголовков\sampapi\0.3.7-R1</Filter>
    </ClInclude>
    <ClInclude Include="..\libs\sampapi\include\0.3.7-R1\CObjectMaterialText.h">
      <Filter>Файлы заголовков\sampapi\0.3.7-R1</Filter>
    </ClInclude>
    <ClInclude Include="..\libs\sampapi\include\0.3.7-R1\CObjectPool.h">
      <Filter>Файлы заголовков\sampapi\0.3.7-R1</Filter>
    </ClInclude>
    <ClInclude Include="..\libs\sampapi\include\0.3.7-R1\CObjectSelection.h">
      <Filter>Файлы заголовков\sampapi\0.3.7-R1</Filter>
    </ClInclude>
    <ClInclude Include="..\libs\sampapi\include\0.3.7-R1\Commands.h">
      <Filter>Файлы заголовков\sampapi\0.3.7-R1</Filter>
    </ClInclude>
    <ClInclude Include="..\libs\sampapi\include\0.3.7-R1\ControllerState.h">
      <Filter>Файлы заголовков\sampapi\0.3.7-R1</Filter>
    </ClInclude>
    <ClInclude Include="..\libs\sampapi\include\0.3.7-R1\CPed.h">
      <Filter>Файлы заголовков\sampapi\0.3.7-R1</Filter>
    </ClInclude>
    <ClInclude Include="..\libs\sampapi\include\0.3.7-R1\CPickupPool.h">
      <Filter>Файлы заголовков\sampapi\0.3.7-R1</Filter>
    </ClInclude>
    <ClInclude Include="..\libs\sampapi\include\0.3.7-R1\CPlayerInfo.h">
      <Filter>Файлы заголовков\sampapi\0.3.7-R1</Filter>
    </ClInclude>
    <ClInclude Include="..\libs\sampapi\include\0.3.7-R1\CPlayerPool.h">
      <Filter>Файлы заголовков\sampapi\0.3.7-R1</Filter>
    </ClInclude>
    <ClInclude Include="..\libs\sampapi\include\0.3.7-R1\CPlayerTags.h">
      <Filter>Файлы заголовков\sampapi\0.3.7-R1</Filter>
    </ClInclude>
    <ClInclude Include="..\libs\sampapi\include\0.3.7-R1\CRemotePlayer.h">
      <Filter>Файлы заголовков\sampapi\0.3.7-R1</Filter>
    </ClInclude>
    <ClInclude Include="..\libs\sampapi\include\0.3.7-R1\CScoreboard.h">
      <Filter>Файлы заголовков\sampapi\0.3.7-R1</Filter>
    </ClInclude>
    <ClInclude Include="..\libs\sampapi\include\0.3.7-R1\CSpawnScreen.h">
      <Filter>Файлы заголовков\sampapi\0.3.7-R1</Filter>
    </ClInclude>
    <ClInclude Include="..\libs\sampapi\include\0.3.7-R1\CSrvNetStats.h">
      <Filter>Файлы заголовков\sampapi\0.3.7-R1</Filter>
    </ClInclude>
    <ClInclude Include="..\libs\sampapi\include\0.3.7-R1\CTextDraw.h">
      <Filter>Файлы заголовков\sampapi\0.3.7-R1</Filter>
    </ClInclude>
    <ClInclude Include="..\libs\sampapi\include\0.3.7-R1\CTextDrawPool.h">
      <Filter>Файлы заголовков\sampapi\0.3.7-R1</Filter>
    </ClInclude>
    <ClInclude Include="..\libs\sampapi\include\0.3.7-R1\CTextDrawSelection.h">
      <Filter>Файлы заголовков\sampapi\0.3.7-R1</Filter>
    </ClInclude>
    <ClInclude Include="..\libs\sampapi\include\0.3.7-R1\CVehicle.h">
      <Filter>Файлы заголовков\sampapi\0.3.7-R1</Filter>
    </ClInclude>
    <ClInclude Include="..\libs\sampapi\include\0.3.7-R1\CVehiclePool.h">
      <Filter>Файлы заголовков\sampapi\0.3.7-R1</Filter>
    </ClInclude>
    <ClInclude Include="..\libs\sampapi\include\0.3.7-R1\Debug.h">
      <Filter>Файлы заголовков\sampapi\0.3.7-R1</Filter>
    </ClInclude>
    <ClInclude Include="..\libs\sampapi\include\0.3.7-R1\DebugScript.h">
      <Filter>Файлы заголовков\sampapi\0.3.7-R1</Filter>
    </ClInclude>
    <ClInclude Include="..\libs\sampapi\include\0.3.7-R1\Exception.h">
      <Filter>Файлы заголовков\sampapi\0.3.7-R1</Filter>
    </ClInclude>
    <ClInclude Include="..\libs\sampapi\include\0.3.7-R1\GUI.h">
      <Filter>Файлы заголовков\sampapi\0.3.7-R1</Filter>
    </ClInclude>
    <ClInclude Include="..\libs\sampapi\include\0.3.7-R1\InputHandler.h">
      <Filter>Файлы заголовков\sampapi\0.3.7-R1</Filter>
    </ClInclude>
    <ClInclude Include="..\libs\sampapi\include\0.3.7-R1\KeyStuff.h">
      <Filter>Файлы заголовков\sampapi\0.3.7-R1</Filter>
    </ClInclude>
    <ClInclude Include="..\libs\sampapi\include\0.3.7-R1\RPC.h">
      <Filter>Файлы заголовков\sampapi\0.3.7-R1</Filter>
    </ClInclude>
    <ClInclude Include="..\libs\sampapi\include\0.3.7-R1\Scripting.h">
      <Filter>Файлы заголовков\sampapi\0.3.7-R1</Filter>
    </ClInclude>
    <ClInclude Include="..\libs\sampapi\include\0.3.7-R1\Settings.h">
      <Filter>Файлы заголовков\sampapi\0.3.7-R1</Filter>
    </ClInclude>
    <ClInclude Include="..\libs\sampapi\include\0.3.7-R1\SpecialAction.h">
      <Filter>Файлы заголовков\sampapi\0.3.7-R1</Filter>
    </ClInclude>
    <ClInclude Include="..\libs\sampapi\include\0.3.7-R1\Synchronization.h">
      <Filter>Файлы заголовков\sampapi\0.3.7-R1</Filter>
    </ClInclude>
    <ClInclude Include="..\libs\sampapi\include\0.3.7-R1\VehicleSelection.h">
      <Filter>Файлы заголовков\sampapi\0.3.7-R1</Filter>
    </ClInclude>
    <ClInclude Include="..\libs\sampapi\include\0.3.7-R3-1\AimStuff.h">
      <Filter>Файлы заголовков\sampapi\0.3.7-R3-1</Filter>
    </ClInclude>
    <ClInclude Include="..\libs\sampapi\include\0.3.7-R3-1\Animation.h">
      <Filter>Файлы заголовков\sampapi\0.3.7-R3-1</Filter>
    </ClInclude>
    <ClInclude Include="..\libs\sampapi\include\0.3.7-R3-1\CActor.h">
      <Filter>Файлы заголовков\sampapi\0.3.7-R3-1</Filter>
    </ClInclude>
    <ClInclude Include="..\libs\sampapi\include\0.3.7-R3-1\CActorPool.h">
      <Filter>Файлы заголовков\sampapi\0.3.7-R3-1</Filter>
    </ClInclude>
    <ClInclude Include="..\libs\sampapi\include\0.3.7-R3-1\CAudio.h">
      <Filter>Файлы заголовков\sampapi\0.3.7-R3-1</Filter>
    </ClInclude>
    <ClInclude Include="..\libs\sampapi\include\0.3.7-R3-1\CAudioStream.h">
      <Filter>Файлы заголовков\sampapi\0.3.7-R3-1</Filter>
    </ClInclude>
    <ClInclude Include="..\libs\sampapi\include\0.3.7-R3-1\CCamera.h">
      <Filter>Файлы заголовков\sampapi\0.3.7-R3-1</Filter>
    </ClInclude>
    <ClInclude Include="..\libs\sampapi\include\0.3.7-R3-1\CChat.h">
      <Filter>Файлы заголовков\sampapi\0.3.7-R3-1</Filter>
    </ClInclude>
    <ClInclude Include="..\libs\sampapi\include\0.3.7-R3-1\CChatBubble.h">
      <Filter>Файлы заголовков\sampapi\0.3.7-R3-1</Filter>
    </ClInclude>
    <ClInclude Include="..\libs\sampapi\include\0.3.7-R3-1\CConfig.h">
      <Filter>Файлы заголовков\sampapi\0.3.7-R3-1</Filter>
    </ClInclude>
    <ClInclude Include="..\libs\sampapi\include\0.3.7-R3-1\CDeathWindow.h">
      <Filter>Файлы заголовков\sampapi\0.3.7-R3-1</Filter>
    </ClInclude>
    <ClInclude Include="..\libs\sampapi\include\0.3.7-R3-1\CDialog.h">
      <Filter>Файлы заголовков\sampapi\0.3.7-R3-1</Filter>
    </ClInclude>
    <ClInclude Include="..\libs\sampapi\include\0.3.7-R3-1\CEntity.h">
      <Filter>Файлы заголовков\sampapi\0.3.7-R3-1</Filter>
    </ClInclude>
    <ClInclude Include="..\libs\sampapi\include\0.3.7-R3-1\CFont.h">
      <Filter>Файлы заголовков\sampapi\0.3.7-R3-1</Filter>
    </ClInclude>
    <ClInclude Include="..\libs\sampapi\include\0.3.7-R3-1\CFonts.h">
      <Filter>Файлы заголовков\sampapi\0.3.7-R3-1</Filter>
    </ClInclude>
    <ClInclude Include="..\libs\sampapi\include\0.3.7-R3-1\CGame.h">
      <Filter>Файлы заголовков\sampapi\0.3.7-R3-1</Filter>
    </ClInclude>
    <ClInclude Include="..\libs\sampapi\include\0.3.7-R3-1\CGangZonePool.h">
      <Filter>Файлы заголовков\sampapi\0.3.7-R3-1</Filter>
    </ClInclude>
    <ClInclude Include="..\libs\sampapi\include\0.3.7-R3-1\CHelpDialog.h">
      <Filter>Файлы заголовков\sampapi\0.3.7-R3-1</Filter>
    </ClInclude>
    <ClInclude Include="..\libs\sampapi\include\0.3.7-R3-1\CHttpClient.h">
      <Filter>Файлы заголовков\sampapi\0.3.7-R3-1</Filter>
    </ClInclude>
    <ClInclude Include="..\libs\sampapi\include\0.3.7-R3-1\CInput.h">
      <Filter>Файлы заголовков\sampapi\0.3.7-R3-1</Filter>
    </ClInclude>
    <ClInclude Include="..\libs\sampapi\include\0.3.7-R3-1\CLabel.h">
      <Filter>Файлы заголовков\sampapi\0.3.7-R3-1</Filter>
    </ClInclude>
    <ClInclude Include="..\libs\sampapi\include\0.3.7-R3-1\CLabelPool.h">
      <Filter>Файлы заголовков\sampapi\0.3.7-R3-1</Filter>
    </ClInclude>
    <ClInclude Include="..\libs\sampapi\include\0.3.7-R3-1\CLicensePlate.h">
      <Filter>Файлы заголовков\sampapi\0.3.7-R3-1</Filter>
    </ClInclude>
    <ClInclude Include="..\libs\sampapi\include\0.3.7-R3-1\CLocalPlayer.h">
      <Filter>Файлы заголовков\sampapi\0.3.7-R3-1</Filter>
    </ClInclude>
    <ClInclude Include="..\libs\sampapi\include\0.3.7-R3-1\CMenu.h">
      <Filter>Файлы заголовков\sampapi\0.3.7-R3-1</Filter>
    </ClInclude>
    <ClInclude Include="..\libs\sampapi\include\0.3.7-R3-1\CMenuPool.h">
      <Filter>Файлы заголовков\sampapi\0.3.7-R3-1</Filter>
    </ClInclude>
    <ClInclude Include="..\libs\sampapi\include\0.3.7-R3-1\CNetGame.h">
      <Filter>Файлы заголовков\sampapi\0.3.7-R3-1</Filter>
    </ClInclude>
    <ClInclude Include="..\libs\sampapi\include\0.3.7-R3-1\CNetStats.h">
      <Filter>Файлы заголовков\sampapi\0.3.7-R3-1</Filter>
    </ClInclude>
    <ClInclude Include="..\libs\sampapi\include\0.3.7-R3-1\CObject.h">
      <Filter>Файлы заголовков\sampapi\0.3.7-R3-1</Filter>
    </ClInclude>
    <ClInclude Include="..\libs\sampapi\include\0.3.7-R3-1\CObjectEdit.h">
      <Filter>Файлы заголовков\sampapi\0.3.7-R3-1</Filter>
    </ClInclude>
    <ClInclude Include="..\libs\sampapi\include\0.3.7-R3-1\CObjectMaterialText.h">
      <Filter>Файлы заголовков\sampapi\0.3.7-R3-1</Filter>
    </ClInclude>
    <ClInclude Include="..\libs\sampapi\include\0.3.7-R3-1\CObjectPool.h">
      <Filter>Файлы заголовков\sampapi\0.3.7-R3-1</Filter>
    </ClInclude>
    <ClInclude Include="..\libs\sampapi\include\0.3.7-R3-1\CObjectSelection.h">
      <Filter>Файлы заголовков\sampapi\0.3.7-R3-1</Filter>
    </ClInclude>
    <ClInclude Include="..\libs\sampapi\include\0.3.7-R3-1\Commands.h">
      <Filter>Файлы заголовков\sampapi\0.3.7-R3-1</Filter>
    </ClInclude>
    <ClInclude Include="..\libs\sampapi\include\0.3.7-R3-1\ControllerState.h">
      <Filter>Файлы заголовков\sampapi\0.3.7-R3-1</Filter>
    </ClInclude>
    <ClInclude Include="..\libs\sampapi\include\0.3.7-R3-1\CPed.h">
      <Filter>Файлы заголовков\sampapi\0.3.7-R3-1</Filter>
    </ClInclude>
    <ClInclude Include="..\libs\sampapi\include\0.3.7-R3-1\CPickupPool.h">
      <Filter>Файлы заголовков\sampapi\0.3.7-R3-1</Filter>
    </ClInclude>
    <ClInclude Include="..\libs\sampapi\include\0.3.7-R3-1\CPlayerInfo.h">
      <Filter>Файлы заголовков\sampapi\0.3.7-R3-1</Filter>
    </ClInclude>
    <ClInclude Include="..\libs\sampapi\include\0.3.7-R3-1\CPlayerPool.h">
      <Filter>Файлы заголовков\sampapi\0.3.7-R3-1</Filter>
    </ClInclude>
    <ClInclude Include="..\libs\sampapi\include\0.3.7-R3-1\CPlayerTags.h">
      <Filter>Файлы заголовков\sampapi\0.3.7-R3-1</Filter>
    </ClInclude>
    <ClInclude Include="..\libs\sampapi\include\0.3.7-R3-1\CRemotePlayer.h">
      <Filter>Файлы заголовков\sampapi\0.3.7-R3-1</Filter>
    </ClInclude>
    <ClInclude Include="..\libs\sampapi\include\0.3.7-R3-1\CScoreboard.h">
      <Filter>Файлы заголовков\sampapi\0.3.7-R3-1</Filter>
    </ClInclude>
    <ClInclude Include="..\libs\sampapi\include\0.3.7-R3-1\CSpawnScreen.h">
      <Filter>Файлы заголовков\sampapi\0.3.7-R3-1</Filter>
    </ClInclude>
    <ClInclude Include="..\libs\sampapi\include\0.3.7-R3-1\CSrvNetStats.h">
      <Filter>Файлы заголовков\sampapi\0.3.7-R3-1</Filter>
    </ClInclude>
    <ClInclude Include="..\libs\sampapi\include\0.3.7-R3-1\CTextDraw.h">
      <Filter>Файлы заголовков\sampapi\0.3.7-R3-1</Filter>
    </ClInclude>
    <ClInclude Include="..\libs\sampapi\include\0.3.7-R3-1\CTextDrawPool.h">
      <Filter>Файлы заголовков\sampapi\0.3.7-R3-1</Filter>
    </ClInclude>
    <ClInclude Include="..\libs\sampapi\include\0.3.7-R3-1\CTextDrawSelection.h">
      <Filter>Файлы заголовков\sampapi\0.3.7-R3-1</Filter>
    </ClInclude>
    <ClInclude Include="..\libs\sampapi\include\0.3.7-R3-1\CVehicle.h">
      <Filter>Файлы заголовков\sampapi\0.3.7-R3-1</Filter>
    </ClInclude>
    <ClInclude Include="..\libs\sampapi\include\0.3.7-R3-1\CVehiclePool.h">
      <Filter>Файлы заголовков\sampapi\0.3.7-R3-1</Filter>
    </ClInclude>
    <ClInclude Include="..\libs\sampapi\include\0.3.7-R3-1\DebugScript.h">
      <Filter>Файлы заголовков\sampapi\0.3.7-R3-1</Filter>
    </ClInclude>
    <ClInclude Include="..\libs\sampapi\include\0.3.7-R3-1\Exception.h">
      <Filter>Файлы заголовков\sampapi\0.3.7-R3-1</Filter>
    </ClInclude>
    <ClInclude Include="..\libs\sampapi\include\0.3.7-R3-1\GUI.h">
      <Filter>Файлы заголовков\sampapi\0.3.7-R3-1</Filter>
    </ClInclude>
    <ClInclude Include="..\libs\sampapi\include\0.3.7-R3-1\InputHandler.h">
      <Filter>Файлы заголовков\sampapi\0.3.7-R3-1</Filter>
    </ClInclude>
    <ClInclude Include="..\libs\sampapi\include\0.3.7-R3-1\KeyStuff.h">
      <Filter>Файлы заголовков\sampapi\0.3.7-R3-1</Filter>
    </ClInclude>
    <ClInclude Include="..\libs\sampapi\include\0.3.7-R3-1\RPCHandlers.h">
      <Filter>Файлы заголовков\sampapi\0.3.7-R3-1</Filter>
    </ClInclude>
    <ClInclude Include="..\libs\sampapi\include\0.3.7-R3-1\Scripting.h">
      <Filter>Файлы заголовков\sampapi\0.3.7-R3-1</Filter>
    </ClInclude>
    <ClInclude Include="..\libs\sampapi\include\0.3.7-R3-1\Settings.h">
      <Filter>Файлы заголовков\sampapi\0.3.7-R3-1</Filter>
    </ClInclude>
    <ClInclude Include="..\libs\sampapi\include\0.3.7-R3-1\SpecialAction.h">
      <Filter>Файлы заголовков\sampapi\0.3.7-R3-1</Filter>
    </ClInclude>
    <ClInclude Include="..\libs\sampapi\include\0.3.7-R3-1\Synchronization.h">
      <Filter>Файлы заголовков\sampapi\0.3.7-R3-1</Filter>
    </ClInclude>
    <ClInclude Include="..\libs\sampapi\include\0.3.7-R5-1\AimStuff.h">
      <Filter>Файлы заголовков\sampapi\0.3.7-R5-1</Filter>
    </ClInclude>
    <ClInclude Include="..\libs\sampapi\include\0.3.7-R5-1\Animation.h">
      <Filter>Файлы заголовков\sampapi\0.3.7-R5-1</Filter>
    </ClInclude>
    <ClInclude Include="..\libs\sampapi\include\0.3.7-R5-1\CActor.h">
      <Filter>Файлы заголовков\sampapi\0.3.7-R5-1</Filter>
    </ClInclude>
    <ClInclude Include="..\libs\sampapi\include\0.3.7-R5-1\CActorPool.h">
      <Filter>Файлы заголовков\sampapi\0.3.7-R5-1</Filter>
    </ClInclude>
    <ClInclude Include="..\libs\sampapi\include\0.3.7-R5-1\CAudio.h">
      <Filter>Файлы заголовков\sampapi\0.3.7-R5-1</Filter>
    </ClInclude>
    <ClInclude Include="..\libs\sampapi\include\0.3.7-R5-1\CAudioStream.h">
      <Filter>Файлы заголовков\sampapi\0.3.7-R5-1</Filter>
    </ClInclude>
    <ClInclude Include="..\libs\sampapi\include\0.3.7-R5-1\CCamera.h">
      <Filter>Файлы заголовков\sampapi\0.3.7-R5-1</Filter>
    </ClInclude>
    <ClInclude Include="..\libs\sampapi\include\0.3.7-R5-1\CChat.h">
      <Filter>Файлы заголовков\sampapi\0.3.7-R5-1</Filter>
    </ClInclude>
    <ClInclude Include="..\libs\sampapi\include\0.3.7-R5-1\CChatBubble.h">
      <Filter>Файлы заголовков\sampapi\0.3.7-R5-1</Filter>
    </ClInclude>
    <ClInclude Include="..\libs\sampapi\include\0.3.7-R5-1\CConfig.h">
      <Filter>Файлы заголовков\sampapi\0.3.7-R5-1</Filter>
    </ClInclude>
    <ClInclude Include="..\libs\sampapi\include\0.3.7-R5-1\CDeathWindow.h">
      <Filter>Файлы заголовков\sampapi\0.3.7-R5-1</Filter>
    </ClInclude>
    <ClInclude Include="..\libs\sampapi\include\0.3.7-R5-1\CDialog.h">
      <Filter>Файлы заголовков\sampapi\0.3.7-R5-1</Filter>
    </ClInclude>
    <ClInclude Include="..\libs\sampapi\include\0.3.7-R5-1\CEntity.h">
      <Filter>Файлы заголовков\sampapi\0.3.7-R5-1</Filter>
    </ClInclude>
    <ClInclude Include="..\libs\sampapi\include\0.3.7-R5-1\CFont.h">
      <Filter>Файлы заголовков\sampapi\0.3.7-R5-1</Filter>
    </ClInclude>
    <ClInclude Include="..\libs\sampapi\include\0.3.7-R5-1\CFonts.h">
      <Filter>Файлы заголовков\sampapi\0.3.7-R5-1</Filter>
    </ClInclude>
    <ClInclude Include="..\libs\sampapi\include\0.3.7-R5-1\CGame.h">
      <Filter>Файлы заголовков\sampapi\0.3.7-R5-1</Filter>
    </ClInclude>
    <ClInclude Include="..\libs\sampapi\include\0.3.7-R5-1\CGangZonePool.h">
      <Filter>Файлы заголовков\sampapi\0.3.7-R5-1</Filter>
    </ClInclude>
    <ClInclude Include="..\libs\sampapi\include\0.3.7-R5-1\CHelpDialog.h">
      <Filter>Файлы заголовков\sampapi\0.3.7-R5-1</Filter>
    </ClInclude>
    <ClInclude Include="..\libs\sampapi\include\0.3.7-R5-1\CHttpClient.h">
      <Filter>Файлы заголовков\sampapi\0.3.7-R5-1</Filter>
    </ClInclude>
    <ClInclude Include="..\libs\sampapi\include\0.3.7-R5-1\CInput.h">
      <Filter>Файлы заголовков\sampapi\0.3.7-R5-1</Filter>
    </ClInclude>
    <ClInclude Include="..\libs\sampapi\include\0.3.7-R5-1\CLabel.h">
      <Filter>Файлы заголовков\sampapi\0.3.7-R5-1</Filter>
    </ClInclude>
    <ClInclude Include="..\libs\sampapi\include\0.3.7-R5-1\CLabelPool.h">
      <Filter>Файлы заголовков\sampapi\0.3.7-R5-1</Filter>
    </ClInclude>
    <ClInclude Include="..\libs\sampapi\include\0.3.7-R5-1\CLicensePlate.h">
      <Filter>Файлы заголовков\sampapi\0.3.7-R5-1</Filter>
    </ClInclude>
    <ClInclude Include="..\libs\sampapi\include\0.3.7-R5-1\CLocalPlayer.h">
      <Filter>Файлы заголовков\sampapi\0.3.7-R5-1</Filter>
    </ClInclude>
    <ClInclude Include="..\libs\sampapi\include\0.3.7-R5-1\CMenu.h">
      <Filter>Файлы заголовков\sampapi\0.3.7-R5-1</Filter>
    </ClInclude>
    <ClInclude Include="..\libs\sampapi\include\0.3.7-R5-1\CMenuPool.h">
      <Filter>Файлы заголовков\sampapi\0.3.7-R5-1</Filter>
    </ClInclude>
    <ClInclude Include="..\libs\sampapi\include\0.3.7-R5-1\CNetGame.h">
      <Filter>Файлы заголовков\sampapi\0.3.7-R5-1</Filter>
    </ClInclude>
    <ClInclude Include="..\libs\sampapi\include\0.3.7-R5-1\CNetStats.h">
      <Filter>Файлы заголовков\sampapi\0.3.7-R5-1</Filter>
    </ClInclude>
    <ClInclude Include="..\libs\sampapi\include\0.3.7-R5-1\CObject.h">
      <Filter>Файлы заголовков\sampapi\0.3.7-R5-1</Filter>
    </ClInclude>
    <ClInclude Include="..\libs\sampapi\include\0.3.7-R5-1\CObjectEdit.h">
      <Filter>Файлы заголовков\sampapi\0.3.7-R5-1</Filter>
    </ClInclude>
    <ClInclude Include="..\libs\sampapi\include\0.3.7-R5-1\CObjectMaterialText.h">
      <Filter>Файлы заголовков\sampapi\0.3.7-R5-1</Filter>
    </ClInclude>
    <ClInclude Include="..\libs\sampapi\include\0.3.7-R5-1\CObjectPool.h">
      <Filter>Файлы заголовков\sampapi\0.3.7-R5-1</Filter>
    </ClInclude>
    <ClInclude Include="..\libs\sampapi\include\0.3.7-R5-1\CObjectSelection.h">
      <Filter>Файлы заголовков\sampapi\0.3.7-R5-1</Filter>
    </ClInclude>
    <ClInclude Include="..\libs\sampapi\include\0.3.7-R5-1\Commands.h">
      <Filter>Файлы заголовков\sampapi\0.3.7-R5-1</Filter>
    </ClInclude>
    <ClInclude Include="..\libs\sampapi\include\0.3.7-R5-1\ControllerState.h">
      <Filter>Файлы заголовков\sampapi\0.3.7-R5-1</Filter>
    </ClInclude>
    <ClInclude Include="..\libs\sampapi\include\0.3.7-R5-1\CPed.h">
      <Filter>Файлы заголовков\sampapi\0.3.7-R5-1</Filter>
    </ClInclude>
    <ClInclude Include="..\libs\sampapi\include\0.3.7-R5-1\CPickupPool.h">
      <Filter>Файлы заголовков\sampapi\0.3.7-R5-1</Filter>
    </ClInclude>
    <ClInclude Include="..\libs\sampapi\include\0.3.7-R5-1\CPlayerInfo.h">
      <Filter>Файлы заголовков\sampapi\0.3.7-R5-1</Filter>
    </ClInclude>
    <ClInclude Include="..\libs\sampapi\include\0.3.7-R5-1\CPlayerPool.h">
      <Filter>Файлы заголовков\sampapi\0.3.7-R5-1</Filter>
    </ClInclude>
    <ClInclude Include="..\libs\sampapi\include\0.3.7-R5-1\CPlayerTags.h">
      <Filter>Файлы заголовков\sampapi\0.3.7-R5-1</Filter>
    </ClInclude>
    <ClInclude Include="..\libs\sampapi\include\0.3.7-R5-1\CRemotePlayer.h">
      <Filter>Файлы заголовков\sampapi\0.3.7-R5-1</Filter>
    </ClInclude>
    <ClInclude Include="..\libs\sampapi\include\0.3.7-R5-1\CScoreboard.h">
      <Filter>Файлы заголовков\sampapi\0.3.7-R5-1</Filter>
    </ClInclude>
    <ClInclude Include="..\libs\sampapi\include\0.3.7-R5-1\CSpawnScreen.h">
      <Filter>Файлы заголовков\sampapi\0.3.7-R5-1</Filter>
    </ClInclude>
    <ClInclude Include="..\libs\sampapi\include\0.3.7-R5-1\CSrvNetStats.h">
      <Filter>Файлы заголовков\sampapi\0.3.7-R5-1</Filter>
    </ClInclude>
    <ClInclude Include="..\libs\sampapi\include\0.3.7-R5-1\CTextDraw.h">
      <Filter>Файлы заголовков\sampapi\0.3.7-R5-1</Filter>
    </ClInclude>
    <ClInclude Include="..\libs\sampapi\include\0.3.7-R5-1\CTextDrawPool.h">
      <Filter>Файлы заголовков\sampapi\0.3.7-R5-1</Filter>
    </ClInclude>
    <ClInclude Include="..\libs\sampapi\include\0.3.7-R5-1\CTextDrawSelection.h">
      <Filter>Файлы заголовков\sampapi\0.3.7-R5-1</Filter>
    </ClInclude>
    <ClInclude Include="..\libs\sampapi\include\0.3.7-R5-1\CVehicle.h">
      <Filter>Файлы заголовков\sampapi\0.3.7-R5-1</Filter>
    </ClInclude>
    <ClInclude Include="..\libs\sampapi\include\0.3.7-R5-1\CVehiclePool.h">
      <Filter>Файлы заголовков\sampapi\0.3.7-R5-1</Filter>
    </ClInclude>
    <ClInclude Include="..\libs\sampapi\include\0.3.7-R5-1\DebugScript.h">
      <Filter>Файлы заголовков\sampapi\0.3.7-R5-1</Filter>
    </ClInclude>
    <ClInclude Include="..\libs\sampapi\include\0.3.7-R5-1\Exception.h">
      <Filter>Файлы заголовков\sampapi\0.3.7-R5-1</Filter>
    </ClInclude>
    <ClInclude Include="..\libs\sampapi\include\0.3.7-R5-1\GUI.h">
      <Filter>Файлы заголовков\sampapi\0.3.7-R5-1</Filter>
    </ClInclude>
    <ClInclude Include="..\libs\sampapi\include\0.3.7-R5-1\InputHandler.h">
      <Filter>Файлы заголовков\sampapi\0.3.7-R5-1</Filter>
    </ClInclude>
    <ClInclude Include="..\libs\sampapi\include\0.3.7-R5-1\KeyStuff.h">
      <Filter>Файлы заголовков\sampapi\0.3.7-R5-1</Filter>
    </ClInclude>
    <ClInclude Include="..\libs\sampapi\include\0.3.7-R5-1\RPCHandlers.h">
      <Filter>Файлы заголовков\sampapi\0.3.7-R5-1</Filter>
    </ClInclude>
    <ClInclude Include="..\libs\sampapi\include\0.3.7-R5-1\Scripting.h">
      <Filter>Файлы заголовков\sampapi\0.3.7-R5-1</Filter>
    </ClInclude>
    <ClInclude Include="..\libs\sampapi\include\0.3.7-R5-1\Settings.h">
      <Filter>Файлы заголовков\sampapi\0.3.7-R5-1</Filter>
    </ClInclude>
    <ClInclude Include="..\libs\sampapi\include\0.3.7-R5-1\SpecialAction.h">
      <Filter>Файлы заголовков\sampapi\0.3.7-R5-1</Filter>
    </ClInclude>
    <ClInclude Include="..\libs\sampapi\include\0.3.7-R5-1\Synchronization.h">
      <Filter>Файлы заголовков\sampapi\0.3.7-R5-1</Filter>
    </ClInclude>
    <ClInclude Include="..\libs\sampapi\include\0.3.DL-1\AimStuff.h">
      <Filter>Файлы заголовков\sampapi\0.3DL</Filter>
    </ClInclude>
    <ClInclude Include="..\libs\sampapi\include\0.3.DL-1\Animation.h">
      <Filter>Файлы заголовков\sampapi\0.3DL</Filter>
    </ClInclude>
    <ClInclude Include="..\libs\sampapi\include\0.3.DL-1\CActor.h">
      <Filter>Файлы заголовков\sampapi\0.3DL</Filter>
    </ClInclude>
    <ClInclude Include="..\libs\sampapi\include\0.3.DL-1\CActorPool.h">
      <Filter>Файлы заголовков\sampapi\0.3DL</Filter>
    </ClInclude>
    <ClInclude Include="..\libs\sampapi\include\0.3.DL-1\CAudio.h">
      <Filter>Файлы заголовков\sampapi\0.3DL</Filter>
    </ClInclude>
    <ClInclude Include="..\libs\sampapi\include\0.3.DL-1\CAudioStream.h">
      <Filter>Файлы заголовков\sampapi\0.3DL</Filter>
    </ClInclude>
    <ClInclude Include="..\libs\sampapi\include\0.3.DL-1\CCamera.h">
      <Filter>Файлы заголовков\sampapi\0.3DL</Filter>
    </ClInclude>
    <ClInclude Include="..\libs\sampapi\include\0.3.DL-1\CChat.h">
      <Filter>Файлы заголовков\sampapi\0.3DL</Filter>
    </ClInclude>
    <ClInclude Include="..\libs\sampapi\include\0.3.DL-1\CChatBubble.h">
      <Filter>Файлы заголовков\sampapi\0.3DL</Filter>
    </ClInclude>
    <ClInclude Include="..\libs\sampapi\include\0.3.DL-1\CConfig.h">
      <Filter>Файлы заголовков\sampapi\0.3DL</Filter>
    </ClInclude>
    <ClInclude Include="..\libs\sampapi\include\0.3.DL-1\CCustomModels.h">
      <Filter>Файлы заголовков\sampapi\0.3DL</Filter>
    </ClInclude>
    <ClInclude Include="..\libs\sampapi\include\0.3.DL-1\CCustomModelsPool.h">
      <Filter>Файлы заголовков\sampapi\0.3DL</Filter>
    </ClInclude>
    <ClInclude Include="..\libs\sampapi\include\0.3.DL-1\CDeathWindow.h">
      <Filter>Файлы заголовков\sampapi\0.3DL</Filter>
    </ClInclude>
    <ClInclude Include="..\libs\sampapi\include\0.3.DL-1\CDialog.h">
      <Filter>Файлы заголовков\sampapi\0.3DL</Filter>
    </ClInclude>
    <ClInclude Include="..\libs\sampapi\include\0.3.DL-1\CDownloadedFilesPool.h">
      <Filter>Файлы заголовков\sampapi\0.3DL</Filter>
    </ClInclude>
    <ClInclude Include="..\libs\sampapi\include\0.3.DL-1\CDownloadWindow.h">
      <Filter>Файлы заголовков\sampapi\0.3DL</Filter>
    </ClInclude>
    <ClInclude Include="..\libs\sampapi\include\0.3.DL-1\CEntity.h">
      <Filter>Файлы заголовков\sampapi\0.3DL</Filter>
    </ClInclude>
    <ClInclude Include="..\libs\sampapi\include\0.3.DL-1\CFont.h">
      <Filter>Файлы заголовков\sampapi\0.3DL</Filter>
    </ClInclude>
    <ClInclude Include="..\libs\sampapi\include\0.3.DL-1\CFonts.h">
      <Filter>Файлы заголовков\sampapi\0.3DL</Filter>
    </ClInclude>
    <ClInclude Include="..\libs\sampapi\include\0.3.DL-1\CGame.h">
      <Filter>Файлы заголовков\sampapi\0.3DL</Filter>
    </ClInclude>
    <ClInclude Include="..\libs\sampapi\include\0.3.DL-1\CGangZonePool.h">
      <Filter>Файлы заголовков\sampapi\0.3DL</Filter>
    </ClInclude>
    <ClInclude Include="..\libs\sampapi\include\0.3.DL-1\CHelpDialog.h">
      <Filter>Файлы заголовков\sampapi\0.3DL</Filter>
    </ClInclude>
    <ClInclude Include="..\libs\sampapi\include\0.3.DL-1\CHttpClient.h">
      <Filter>Файлы заголовков\sampapi\0.3DL</Filter>
    </ClInclude>
    <ClInclude Include="..\libs\sampapi\include\0.3.DL-1\CInput.h">
      <Filter>Файлы заголовков\sampapi\0.3DL</Filter>
    </ClInclude>
    <ClInclude Include="..\libs\sampapi\include\0.3.DL-1\CLabel.h">
      <Filter>Файлы заголовков\sampapi\0.3DL</Filter>
    </ClInclude>
    <ClInclude Include="..\libs\sampapi\include\0.3.DL-1\CLabelPool.h">
      <Filter>Файлы заголовков\sampapi\0.3DL</Filter>
    </ClInclude>
    <ClInclude Include="..\libs\sampapi\include\0.3.DL-1\CLicensePlate.h">
      <Filter>Файлы заголовков\sampapi\0.3DL</Filter>
    </ClInclude>
    <ClInclude Include="..\libs\sampapi\include\0.3.DL-1\CLocalPlayer.h">
      <Filter>Файлы заголовков\sampapi\0.3DL</Filter>
    </ClInclude>
    <ClInclude Include="..\libs\sampapi\include\0.3.DL-1\CMenu.h">
      <Filter>Файлы заголовков\sampapi\0.3DL</Filter>
    </ClInclude>
    <ClInclude Include="..\libs\sampapi\include\0.3.DL-1\CMenuPool.h">
      <Filter>Файлы заголовков\sampapi\0.3DL</Filter>
    </ClInclude>
    <ClInclude Include="..\libs\sampapi\include\0.3.DL-1\CNetGame.h">
      <Filter>Файлы заголовков\sampapi\0.3DL</Filter>
    </ClInclude>
    <ClInclude Include="..\libs\sampapi\include\0.3.DL-1\CNetStats.h">
      <Filter>Файлы заголовков\sampapi\0.3DL</Filter>
    </ClInclude>
    <ClInclude Include="..\libs\sampapi\include\0.3.DL-1\CObject.h">
      <Filter>Файлы заголовков\sampapi\0.3DL</Filter>
    </ClInclude>
    <ClInclude Include="..\libs\sampapi\include\0.3.DL-1\CObjectEdit.h">
      <Filter>Файлы заголовков\sampapi\0.3DL</Filter>
    </ClInclude>
    <ClInclude Include="..\libs\sampapi\include\0.3.DL-1\CObjectMaterialText.h">
      <Filter>Файлы заголовков\sampapi\0.3DL</Filter>
    </ClInclude>
    <ClInclude Include="..\libs\sampapi\include\0.3.DL-1\CObjectPool.h">
      <Filter>Файлы заголовков\sampapi\0.3DL</Filter>
    </ClInclude>
    <ClInclude Include="..\libs\sampapi\include\0.3.DL-1\CObjectSelection.h">
      <Filter>Файлы заголовков\sampapi\0.3DL</Filter>
    </ClInclude>
    <ClInclude Include="..\libs\sampapi\include\0.3.DL-1\Commands.h">
      <Filter>Файлы заголовков\sampapi\0.3DL</Filter>
    </ClInclude>
    <ClInclude Include="..\libs\sampapi\include\0.3.DL-1\ControllerState.h">
      <Filter>Файлы заголовков\sampapi\0.3DL</Filter>
    </ClInclude>
    <ClInclude Include="..\libs\sampapi\include\0.3.DL-1\CPed.h">
      <Filter>Файлы заголовков\sampapi\0.3DL</Filter>
    </ClInclude>
    <ClInclude Include="..\libs\sampapi\include\0.3.DL-1\CPickupPool.h">
      <Filter>Файлы заголовков\sampapi\0.3DL</Filter>
    </ClInclude>
    <ClInclude Include="..\libs\sampapi\include\0.3.DL-1\CPlayerInfo.h">
      <Filter>Файлы заголовков\sampapi\0.3DL</Filter>
    </ClInclude>
    <ClInclude Include="..\libs\sampapi\include\0.3.DL-1\CPlayerPool.h">
      <Filter>Файлы заголовков\sampapi\0.3DL</Filter>
    </ClInclude>
    <ClInclude Include="..\libs\sampapi\include\0.3.DL-1\CPlayerTags.h">
      <Filter>Файлы заголовков\sampapi\0.3DL</Filter>
    </ClInclude>
    <ClInclude Include="..\libs\sampapi\include\0.3.DL-1\CRemotePlayer.h">
      <Filter>Файлы заголовков\sampapi\0.3DL</Filter>
    </ClInclude>
    <ClInclude Include="..\libs\sampapi\include\0.3.DL-1\CScoreboard.h">
      <Filter>Файлы заголовков\sampapi\0.3DL</Filter>
    </ClInclude>
    <ClInclude Include="..\libs\sampapi\include\0.3.DL-1\CSpawnScreen.h">
      <Filter>Файлы заголовков\sampapi\0.3DL</Filter>
    </ClInclude>
    <ClInclude Include="..\libs\sampapi\include\0.3.DL-1\CSrvNetStats.h">
      <Filter>Файлы заголовков\sampapi\0.3DL</Filter>
    </ClInclude>
    <ClInclude Include="..\libs\sampapi\include\0.3.DL-1\CTextDraw.h">
      <Filter>Файлы заголовков\sampapi\0.3DL</Filter>
    </ClInclude>
    <ClInclude Include="..\libs\sampapi\include\0.3.DL-1\CTextDrawPool.h">
      <Filter>Файлы заголовков\sampapi\0.3DL</Filter>
    </ClInclude>
    <ClInclude Include="..\libs\sampapi\include\0.3.DL-1\CTextDrawSelection.h">
      <Filter>Файлы заголовков\sampapi\0.3DL</Filter>
    </ClInclude>
    <ClInclude Include="..\libs\sampapi\include\0.3.DL-1\CVehicle.h">
      <Filter>Файлы заголовков\sampapi\0.3DL</Filter>
    </ClInclude>
    <ClInclude Include="..\libs\sampapi\include\0.3.DL-1\CVehiclePool.h">
      <Filter>Файлы заголовков\sampapi\0.3DL</Filter>
    </ClInclude>
    <ClInclude Include="..\libs\sampapi\include\0.3.DL-1\DebugScript.h">
      <Filter>Файлы заголовков\sampapi\0.3DL</Filter>
    </ClInclude>
    <ClInclude Include="..\libs\sampapi\include\0.3.DL-1\Exception.h">
      <Filter>Файлы заголовков\sampapi\0.3DL</Filter>
    </ClInclude>
    <ClInclude Include="..\libs\sampapi\include\0.3.DL-1\GUI.h">
      <Filter>Файлы заголовков\sampapi\0.3DL</Filter>
    </ClInclude>
    <ClInclude Include="..\libs\sampapi\include\0.3.DL-1\InputHandler.h">
      <Filter>Файлы заголовков\sampapi\0.3DL</Filter>
    </ClInclude>
    <ClInclude Include="..\libs\sampapi\include\0.3.DL-1\KeyStuff.h">
      <Filter>Файлы заголовков\sampapi\0.3DL</Filter>
    </ClInclude>
    <ClInclude Include="..\libs\sampapi\include\0.3.DL-1\RPCHandlers.h">
      <Filter>Файлы заголовков\sampapi\0.3DL</Filter>
    </ClInclude>
    <ClInclude Include="..\libs\sampapi\include\0.3.DL-1\Scripting.h">
      <Filter>Файлы заголовков\sampapi\0.3DL</Filter>
    </ClInclude>
    <ClInclude Include="..\libs\sampapi\include\0.3.DL-1\Settings.h">
      <Filter>Файлы заголовков\sampapi\0.3DL</Filter>
    </ClInclude>
    <ClInclude Include="..\libs\sampapi\include\0.3.DL-1\SpecialAction.h">
      <Filter>Файлы заголовков\sampapi\0.3DL</Filter>
    </ClInclude>
    <ClInclude Include="..\libs\sampapi\include\0.3.DL-1\Synchronization.h">
      <Filter>Файлы заголовков\sampapi\0.3DL</Filter>
    </ClInclude>
    <ClInclude Include="..\libs\sampapi\include\AimStuff.h">
      <Filter>Файлы заголовков\sampapi</Filter>
    </ClInclude>
    <ClInclude Include="..\libs\sampapi\include\Animation.h">
      <Filter>Файлы заголовков\sampapi</Filter>
    </ClInclude>
    <ClInclude Include="..\libs\sampapi\include\CActor.h">
      <Filter>Файлы заголовков\sampapi</Filter>
    </ClInclude>
    <ClInclude Include="..\libs\sampapi\include\CActorPool.h">
      <Filter>Файлы заголовков\sampapi</Filter>
    </ClInclude>
    <ClInclude Include="..\libs\sampapi\include\CAudio.h">
      <Filter>Файлы заголовков\sampapi</Filter>
    </ClInclude>
    <ClInclude Include="..\libs\sampapi\include\CAudioStream.h">
      <Filter>Файлы заголовков\sampapi</Filter>
    </ClInclude>
    <ClInclude Include="..\libs\sampapi\include\CCamera.h">
      <Filter>Файлы заголовков\sampapi</Filter>
    </ClInclude>
    <ClInclude Include="..\libs\sampapi\include\CChat.h">
      <Filter>Файлы заголовков\sampapi</Filter>
    </ClInclude>
    <ClInclude Include="..\libs\sampapi\include\CChatBubble.h">
      <Filter>Файлы заголовков\sampapi</Filter>
    </ClInclude>
    <ClInclude Include="..\libs\sampapi\include\CConfig.h">
      <Filter>Файлы заголовков\sampapi</Filter>
    </ClInclude>
    <ClInclude Include="..\libs\sampapi\include\CCustomModels.h">
      <Filter>Файлы заголовков\sampapi</Filter>
    </ClInclude>
    <ClInclude Include="..\libs\sampapi\include\CCustomModelsPool.h">
      <Filter>Файлы заголовков\sampapi</Filter>
    </ClInclude>
    <ClInclude Include="..\libs\sampapi\include\CDeathWindow.h">
      <Filter>Файлы заголовков\sampapi</Filter>
    </ClInclude>
    <ClInclude Include="..\libs\sampapi\include\CDialog.h">
      <Filter>Файлы заголовков\sampapi</Filter>
    </ClInclude>
    <ClInclude Include="..\libs\sampapi\include\CDownloadedFilesPool.h">
      <Filter>Файлы заголовков\sampapi</Filter>
    </ClInclude>
    <ClInclude Include="..\libs\sampapi\include\CDownloadWindow.h">
      <Filter>Файлы заголовков\sampapi</Filter>
    </ClInclude>
    <ClInclude Include="..\libs\sampapi\include\CEntity.h">
      <Filter>Файлы заголовков\sampapi</Filter>
    </ClInclude>
    <ClInclude Include="..\libs\sampapi\include\CFont.h">
      <Filter>Файлы заголовков\sampapi</Filter>
    </ClInclude>
    <ClInclude Include="..\libs\sampapi\include\CFonts.h">
      <Filter>Файлы заголовков\sampapi</Filter>
    </ClInclude>
    <ClInclude Include="..\libs\sampapi\include\CGame.h">
      <Filter>Файлы заголовков\sampapi</Filter>
    </ClInclude>
    <ClInclude Include="..\libs\sampapi\include\CGangZonePool.h">
      <Filter>Файлы заголовков\sampapi</Filter>
    </ClInclude>
    <ClInclude Include="..\libs\sampapi\include\CHelpDialog.h">
      <Filter>Файлы заголовков\sampapi</Filter>
    </ClInclude>
    <ClInclude Include="..\libs\sampapi\include\CHttpClient.h">
      <Filter>Файлы заголовков\sampapi</Filter>
    </ClInclude>
    <ClInclude Include="..\libs\sampapi\include\CInput.h">
      <Filter>Файлы заголовков\sampapi</Filter>
    </ClInclude>
    <ClInclude Include="..\libs\sampapi\include\CLabel.h">
      <Filter>Файлы заголовков\sampapi</Filter>
    </ClInclude>
    <ClInclude Include="..\libs\sampapi\include\CLabelPool.h">
      <Filter>Файлы заголовков\sampapi</Filter>
    </ClInclude>
    <ClInclude Include="..\libs\sampapi\include\CLicensePlate.h">
      <Filter>Файлы заголовков\sampapi</Filter>
    </ClInclude>
    <ClInclude Include="..\libs\sampapi\include\CLocalPlayer.h">
      <Filter>Файлы заголовков\sampapi</Filter>
    </ClInclude>
    <ClInclude Include="..\libs\sampapi\include\CMatrix.h">
      <Filter>Файлы заголовков\sampapi</Filter>
    </ClInclude>
    <ClInclude Include="..\libs\sampapi\include\CMenu.h">
      <Filter>Файлы заголовков\sampapi</Filter>
    </ClInclude>
    <ClInclude Include="..\libs\sampapi\include\CMenuPool.h">
      <Filter>Файлы заголовков\sampapi</Filter>
    </ClInclude>
    <ClInclude Include="..\libs\sampapi\include\CNetGame.h">
      <Filter>Файлы заголовков\sampapi</Filter>
    </ClInclude>
    <ClInclude Include="..\libs\sampapi\include\CNetStats.h">
      <Filter>Файлы заголовков\sampapi</Filter>
    </ClInclude>
    <ClInclude Include="..\libs\sampapi\include\CObject.h">
      <Filter>Файлы заголовков\sampapi</Filter>
    </ClInclude>
    <ClInclude Include="..\libs\sampapi\include\CObjectEdit.h">
      <Filter>Файлы заголовков\sampapi</Filter>
    </ClInclude>
    <ClInclude Include="..\libs\sampapi\include\CObjectMaterialText.h">
      <Filter>Файлы заголовков\sampapi</Filter>
    </ClInclude>
    <ClInclude Include="..\libs\sampapi\include\CObjectPool.h">
      <Filter>Файлы заголовков\sampapi</Filter>
    </ClInclude>
    <ClInclude Include="..\libs\sampapi\include\CObjectSelection.h">
      <Filter>Файлы заголовков\sampapi</Filter>
    </ClInclude>
    <ClInclude Include="..\libs\sampapi\include\Commands.h">
      <Filter>Файлы заголовков\sampapi</Filter>
    </ClInclude>
    <ClInclude Include="..\libs\sampapi\include\ControllerState.h">
      <Filter>Файлы заголовков\sampapi</Filter>
    </ClInclude>
    <ClInclude Include="..\libs\sampapi\include\CPed.h">
      <Filter>Файлы заголовков\sampapi</Filter>
    </ClInclude>
    <ClInclude Include="..\libs\sampapi\include\CPickupPool.h">
      <Filter>Файлы заголовков\sampapi</Filter>
    </ClInclude>
    <ClInclude Include="..\libs\sampapi\include\CPlayerInfo.h">
      <Filter>Файлы заголовков\sampapi</Filter>
    </ClInclude>
    <ClInclude Include="..\libs\sampapi\include\CPlayerPool.h">
      <Filter>Файлы заголовков\sampapi</Filter>
    </ClInclude>
    <ClInclude Include="..\libs\sampapi\include\CPlayerTags.h">
      <Filter>Файлы заголовков\sampapi</Filter>
    </ClInclude>
    <ClInclude Include="..\libs\sampapi\include\CPoint.h">
      <Filter>Файлы заголовков\sampapi</Filter>
    </ClInclude>
    <ClInclude Include="..\libs\sampapi\include\CRect.h">
      <Filter>Файлы заголовков\sampapi</Filter>
    </ClInclude>
    <ClInclude Include="..\libs\sampapi\include\CRemotePlayer.h">
      <Filter>Файлы заголовков\sampapi</Filter>
    </ClInclude>
    <ClInclude Include="..\libs\sampapi\include\CScoreboard.h">
      <Filter>Файлы заголовков\sampapi</Filter>
    </ClInclude>
    <ClInclude Include="..\libs\sampapi\include\CSpawnScreen.h">
      <Filter>Файлы заголовков\sampapi</Filter>
    </ClInclude>
    <ClInclude Include="..\libs\sampapi\include\CSrvNetStats.h">
      <Filter>Файлы заголовков\sampapi</Filter>
    </ClInclude>
    <ClInclude Include="..\libs\sampapi\include\CTextDraw.h">
      <Filter>Файлы заголовков\sampapi</Filter>
    </ClInclude>
    <ClInclude Include="..\libs\sampapi\include\CTextDrawPool.h">
      <Filter>Файлы заголовков\sampapi</Filter>
    </ClInclude>
    <ClInclude Include="..\libs\sampapi\include\CTextDrawSelection.h">
      <Filter>Файлы заголовков\sampapi</Filter>
    </ClInclude>
    <ClInclude Include="..\libs\sampapi\include\CVector.h">
      <Filter>Файлы заголовков\sampapi</Filter>
    </ClInclude>
    <ClInclude Include="..\libs\sampapi\include\CVehicle.h">
      <Filter>Файлы заголовков\sampapi</Filter>
    </ClInclude>
    <ClInclude Include="..\libs\sampapi\include\CVehiclePool.h">
      <Filter>Файлы заголовков\sampapi</Filter>
    </ClInclude>
    <ClInclude Include="..\libs\sampapi\include\Debug.h">
      <Filter>Файлы заголовков\sampapi</Filter>
    </ClInclude>
    <ClInclude Include="..\libs\sampapi\include\DebugScript.h">
      <Filter>Файлы заголовков\sampapi</Filter>
    </ClInclude>
    <ClInclude Include="..\libs\sampapi\include\Exception.h">
      <Filter>Файлы заголовков\sampapi</Filter>
    </ClInclude>
    <ClInclude Include="..\libs\sampapi\include\GUI.h">
      <Filter>Файлы заголовков\sampapi</Filter>
    </ClInclude>
    <ClInclude Include="..\libs\sampapi\include\InputHandler.h">
      <Filter>Файлы заголовков\sampapi</Filter>
    </ClInclude>
    <ClInclude Include="..\libs\sampapi\include\KeyStuff.h">
      <Filter>Файлы заголовков\sampapi</Filter>
    </ClInclude>
    <ClInclude Include="..\libs\sampapi\include\RPC.h">
      <Filter>Файлы заголовков\sampapi</Filter>
    </ClInclude>
    <ClInclude Include="..\libs\sampapi\include\RPCHandlers.h">
      <Filter>Файлы заголовков\sampapi</Filter>
    </ClInclude>
    <ClInclude Include="..\libs\sampapi\include\sampapi.h">
      <Filter>Файлы заголовков\sampapi</Filter>
    </ClInclude>
    <ClInclude Include="..\libs\sampapi\include\Scripting.h">
      <Filter>Файлы заголовков\sampapi</Filter>
    </ClInclude>
    <ClInclude Include="..\libs\sampapi\include\Settings.h">
      <Filter>Файлы заголовков\sampapi</Filter>
    </ClInclude>
    <ClInclude Include="..\libs\sampapi\include\SpecialAction.h">
      <Filter>Файлы заголовков\sampapi</Filter>
    </ClInclude>
    <ClInclude Include="..\libs\sampapi\include\Synchronization.h">
      <Filter>Файлы заголовков\sampapi</Filter>
    </ClInclude>
    <ClInclude Include="..\libs\sampapi\include\VehicleSelection.h">
      <Filter>Файлы заголовков\sampapi</Filter>
    </ClInclude>
    <ClInclude Include="..\libs\rakhook\include\RakHook\detail.hpp">
      <Filter>Файлы заголовков\rakhook\include\RakHook</Filter>
    </ClInclude>
    <ClInclude Include="..\libs\rakhook\include\RakHook\hooked_rakclient_interface.hpp">
      <Filter>Файлы заголовков\rakhook\include\RakHook</Filter>
    </ClInclude>
    <ClInclude Include="..\libs\rakhook\include\RakHook\offsets.hpp">
      <Filter>Файлы заголовков\rakhook\include\RakHook</Filter>
    </ClInclude>
    <ClInclude Include="..\libs\rakhook\include\RakHook\rakhook.hpp">
      <Filter>Файлы заголовков\rakhook\include\RakHook</Filter>
    </ClInclude>
    <ClInclude Include="..\libs\rakhook\include\RakHook\samp.hpp">
      <Filter>Файлы заголовков\rakhook\include\RakHook</Filter>
    </ClInclude>
    <ClInclude Include="..\libs\rakhook\include\RakNet\BitStream.h">
      <Filter>Файлы заголовков\rakhook\include\RakNet</Filter>
    </ClInclude>
    <ClInclude Include="..\libs\rakhook\include\RakNet\DS_HuffmanEncodingTree.h">
      <Filter>Файлы заголовков\rakhook\include\RakNet</Filter>
    </ClInclude>
    <ClInclude Include="..\libs\rakhook\include\RakNet\DS_HuffmanEncodingTreeNode.h">
      <Filter>Файлы заголовков\rakhook\include\RakNet</Filter>
    </ClInclude>
    <ClInclude Include="..\libs\rakhook\include\RakNet\DS_LinkedList.h">
      <Filter>Файлы заголовков\rakhook\include\RakNet</Filter>
    </ClInclude>
    <ClInclude Include="..\libs\rakhook\include\RakNet\DS_List.h">
      <Filter>Файлы заголовков\rakhook\include\RakNet</Filter>
    </ClInclude>
    <ClInclude Include="..\libs\rakhook\include\RakNet\DS_Map.h">
      <Filter>Файлы заголовков\rakhook\include\RakNet</Filter>
    </ClInclude>
    <ClInclude Include="..\libs\rakhook\include\RakNet\DS_OrderedList.h">
      <Filter>Файлы заголовков\rakhook\include\RakNet</Filter>
    </ClInclude>
    <ClInclude Include="..\libs\rakhook\include\RakNet\DS_Queue.h">
      <Filter>Файлы заголовков\rakhook\include\RakNet</Filter>
    </ClInclude>
    <ClInclude Include="..\libs\rakhook\include\RakNet\NetworkTypes.h">
      <Filter>Файлы заголовков\rakhook\include\RakNet</Filter>
    </ClInclude>
    <ClInclude Include="..\libs\rakhook\include\RakNet\PacketEnumerations.h">
      <Filter>Файлы заголовков\rakhook\include\RakNet</Filter>
    </ClInclude>
    <ClInclude Include="..\libs\rakhook\include\RakNet\PacketPriority.h">
      <Filter>Файлы заголовков\rakhook\include\RakNet</Filter>
    </ClInclude>
    <ClInclude Include="..\libs\rakhook\include\RakNet\PluginInterface.h">
      <Filter>Файлы заголовков\rakhook\include\RakNet</Filter>
    </ClInclude>
    <ClInclude Include="..\libs\rakhook\include\RakNet\RakClientInterface.h">
      <Filter>Файлы заголовков\rakhook\include\RakNet</Filter>
    </ClInclude>
    <ClInclude Include="..\libs\rakhook\include\RakNet\StringCompressor.h">
      <Filter>Файлы заголовков\rakhook\include\RakNet</Filter>
    </ClInclude>
    <ClInclude Include="src\samp\samp_api.hpp">
      <Filter>Файлы заголовков\samp</Filter>
    </ClInclude>
    <ClInclude Include="src\gta\gta.hpp">
      <Filter>Файлы заголовков\gta</Filter>
    </ClInclude>
    <ClInclude Include="src\sdk\sdk.hpp">
      <Filter>Файлы заголовков\sdk</Filter>
    </ClInclude>
    <ClInclude Include="src\patches\manager.hpp">
      <Filter>Файлы заголовков\patches</Filter>
    </ClInclude>
    <ClInclude Include="src\patches\security.hpp">
      <Filter>Файлы заголовков\patches</Filter>
    </ClInclude>
    <ClInclude Include="src\patches\splash_d3d.hpp">
      <Filter>Файлы заголовков\patches</Filter>
    </ClInclude>
    <ClInclude Include="src\utils\chat.hpp">
      <Filter>Файлы заголовков\utils</Filter>
    </ClInclude>
    <ClInclude Include="src\utils\memory.hpp">
      <Filter>Файлы заголовков\utils</Filter>
    </ClInclude>
    <ClInclude Include="src\utils\samp_reader.hpp">
      <Filter>Файлы заголовков\utils</Filter>
    </ClInclude>
    <ClInclude Include="src\utils\window.hpp">
      <Filter>Файлы заголовков\utils</Filter>
    </ClInclude>
    <ClInclude Include="..\libs\imgui\imconfig.h">
      <Filter>Файлы заголовков\imgui</Filter>
    </ClInclude>
    <ClInclude Include="..\libs\imgui\imgui.h">
      <Filter>Файлы заголовков\imgui</Filter>
    </ClInclude>
    <ClInclude Include="..\libs\imgui\imgui_internal.h">
      <Filter>Файлы заголовков\imgui</Filter>
    </ClInclude>
    <ClInclude Include="..\libs\imgui\imstb_rectpack.h">
      <Filter>Файлы заголовков\imgui</Filter>
    </ClInclude>
    <ClInclude Include="..\libs\imgui\imstb_textedit.h">
      <Filter>Файлы заголовков\imgui</Filter>
    </ClInclude>
    <ClInclude Include="..\libs\imgui\imstb_truetype.h">
      <Filter>Файлы заголовков\imgui</Filter>
    </ClInclude>
    <ClInclude Include="..\libs\imgui\backends\imgui_impl_dx9.h">
      <Filter>Файлы заголовков\imgui\backends</Filter>
    </ClInclude>
    <ClInclude Include="..\libs\imgui\backends\imgui_impl_win32.h">
      <Filter>Файлы заголовков\imgui\backends</Filter>
    </ClInclude>
    <ClInclude Include="src\utils\crash_handler.hpp">
      <Filter>Файлы заголовков\utils</Filter>
    </ClInclude>
    <ClInclude Include="src\hooks\rpc_security.hpp">
      <Filter>Файлы заголовков\hooks</Filter>
    </ClInclude>
    <ClInclude Include="src\hooks\samp_events.hpp">
      <Filter>Файлы заголовков\hooks</Filter>
    </ClInclude>
    <ClInclude Include="src\utils\samp_chat.hpp">
      <Filter>Файлы заголовков\utils</Filter>
    </ClInclude>
  </ItemGroup>
  <ItemGroup>
    <ClCompile Include="main.cpp">
      <Filter>Core</Filter>
    </ClCompile>
    <ClCompile Include="src\patches\manager.cpp">
      <Filter>Core\patches</Filter>
    </ClCompile>
    <ClCompile Include="src\hooks\samp_events.cpp">
      <Filter>Core\hooks</Filter>
    </ClCompile>
    <ClCompile Include="src\utils\window.cpp">
      <Filter>Core\utils</Filter>
    </ClCompile>
    <ClCompile Include="src\utils\chat.cpp">
      <Filter>Core\utils</Filter>
    </ClCompile>
    <ClCompile Include="src\patches\security.cpp">
      <Filter>Core\patches</Filter>
    </ClCompile>
    <ClCompile Include="src\hooks\rpc_security.cpp">
      <Filter>Core\hooks</Filter>
    </ClCompile>
    <ClCompile Include="src\patches\splash_d3d.cpp">
      <Filter>Core\patches</Filter>
    </ClCompile>
    <ClCompile Include="..\libs\rakhook\src\RakHook\offsets.cpp">
      <Filter>Core\rakhook\src\RakHook</Filter>
    </ClCompile>
    <ClCompile Include="..\libs\rakhook\src\RakHook\rakhook.cpp">
      <Filter>Core\rakhook\src\RakHook</Filter>
    </ClCompile>
    <ClCompile Include="..\libs\rakhook\src\RakHook\samp.cpp">
      <Filter>Core\rakhook\src\RakHook</Filter>
    </ClCompile>
    <ClCompile Include="..\libs\rakhook\src\RakNet\BitStream.cpp">
      <Filter>Core\rakhook\src\RakNet</Filter>
    </ClCompile>
    <ClCompile Include="..\libs\rakhook\src\RakNet\DS_HuffmanEncodingTree.cpp">
      <Filter>Core\rakhook\src\RakNet</Filter>
    </ClCompile>
    <ClCompile Include="..\libs\rakhook\src\RakNet\PluginInterface.cpp">
      <Filter>Core\rakhook\src\RakNet</Filter>
    </ClCompile>
    <ClCompile Include="..\libs\rakhook\src\RakNet\StringCompressor.cpp">
      <Filter>Core\rakhook\src\RakNet</Filter>
    </ClCompile>
    <ClCompile Include="..\libs\imgui\imgui.cpp">
      <Filter>Core\imgui</Filter>
    </ClCompile>
    <ClCompile Include="..\libs\imgui\imgui_draw.cpp">
      <Filter>Core\imgui</Filter>
    </ClCompile>
    <ClCompile Include="..\libs\imgui\imgui_tables.cpp">
      <Filter>Core\imgui</Filter>
    </ClCompile>
    <ClCompile Include="..\libs\imgui\imgui_widgets.cpp">
      <Filter>Core\imgui</Filter>
    </ClCompile>
    <ClCompile Include="..\libs\imgui\backends\imgui_impl_dx9.cpp">
      <Filter>Core\imgui\backends</Filter>
    </ClCompile>
    <ClCompile Include="..\libs\imgui\backends\imgui_impl_win32.cpp">
      <Filter>Core\imgui\backends</Filter>
    </ClCompile>
    <ClCompile Include="..\libs\imgui\imgui_demo.cpp">
      <Filter>Core\imgui</Filter>
    </ClCompile>
    <ClCompile Include="src\utils\crash_handler.cpp">
      <Filter>Core\utils</Filter>
    </ClCompile>
    <ClCompile Include="src\utils\samp_chat.cpp">
      <Filter>Core\utils</Filter>
    </ClCompile>
  </ItemGroup>
</Project>